Microsoft Visual Studio Solution File, Format Version 12.00
# Visual Studio 2012
Project("{FAE04EC0-301F-11D3-BF4B-00C04F79EFBC}") = "FireworksMobile", "FireworksMobile.csproj", "{914EEE9F-342F-46A5-A1DD-F69475D047B2}"
EndProject
Global
	GlobalSection(SolutionConfigurationPlatforms) = preSolution
	Debug|Any CPU = Debug|Any CPU
	ExportDebug|Any CPU = ExportDebug|Any CPU
	ExportRelease|Any CPU = ExportRelease|Any CPU
	EndGlobalSection
	GlobalSection(ProjectConfigurationPlatforms) = postSolution
		{914EEE9F-342F-46A5-A1DD-F69475D047B2}.Debug|Any CPU.ActiveCfg = Debug|Any CPU
		{914EEE9F-342F-46A5-A1DD-F69475D047B2}.Debug|Any CPU.Build.0 = Debug|Any CPU
		{914EEE9F-342F-46A5-A1DD-F69475D047B2}.ExportDebug|Any CPU.ActiveCfg = ExportDebug|Any CPU
		{914EEE9F-342F-46A5-A1DD-F69475D047B2}.ExportDebug|Any CPU.Build.0 = ExportDebug|Any CPU
		{914EEE9F-342F-46A5-A1DD-F69475D047B2}.ExportRelease|Any CPU.ActiveCfg = ExportRelease|Any CPU
		{914EEE9F-342F-46A5-A1DD-F69475D047B2}.ExportRelease|Any CPU.Build.0 = ExportRelease|Any CPU
	EndGlobalSection
EndGlobal
